// !$*UTF8*$!
{
	archiveVersion = 1;
	classes = {
	};
	objectVersion = 46;
	objects = {

/* Begin PBXBuildFile section */
		6428A5751AAFC6DF00634F5D /* 6502.h in Headers */ = {isa = PBXBuildFile; fileRef = 6428A5741AAFC6DF00634F5D /* 6502.h */; settings = {ATTRIBUTES = (Public, ); }; };
		6428A5771AAFC72900634F5D /* 6502.c in Sources */ = {isa = PBXBuildFile; fileRef = 6428A5761AAFC72900634F5D /* 6502.c */; };
		6428A5801AAFEF1D00634F5D /* 6502.c in Sources */ = {isa = PBXBuildFile; fileRef = 6428A5761AAFC72900634F5D /* 6502.c */; settings = {COMPILER_FLAGS = "-DCPU_6502_STATIC"; }; };
		648C13E91CCE375600C8DCE1 /* 6502.c in Sources */ = {isa = PBXBuildFile; fileRef = 6428A5761AAFC72900634F5D /* 6502.c */; settings = {COMPILER_FLAGS = "-DCPU_6502_WITH_MODULE_ABI"; }; };
		648C13EC1CCE375600C8DCE1 /* 6502.h in Headers */ = {isa = PBXBuildFile; fileRef = 6428A5741AAFC6DF00634F5D /* 6502.h */; settings = {ATTRIBUTES = (Public, ); }; };
		648C13F31CCE376800C8DCE1 /* 6502.c in Sources */ = {isa = PBXBuildFile; fileRef = 6428A5761AAFC72900634F5D /* 6502.c */; settings = {COMPILER_FLAGS = "-DCPU_6502_STATIC -DCPU_6502_WITH_ABI"; }; };
		64F8E3391CD6575D0083A613 /* 6502.h in Headers */ = {isa = PBXBuildFile; fileRef = 6428A5741AAFC6DF00634F5D /* 6502.h */; settings = {ATTRIBUTES = (Public, ); }; };
		64F8E33A1CD6575E0083A613 /* 6502.h in Headers */ = {isa = PBXBuildFile; fileRef = 6428A5741AAFC6DF00634F5D /* 6502.h */; settings = {ATTRIBUTES = (Public, ); }; };
/* End PBXBuildFile section */

/* Begin PBXFileReference section */
		6428A5691AAFC68700634F5D /* lib6502.dylib */ = {isa = PBXFileReference; explicitFileType = "compiled.mach-o.dylib"; includeInIndex = 0; path = lib6502.dylib; sourceTree = BUILT_PRODUCTS_DIR; };
		6428A5741AAFC6DF00634F5D /* 6502.h */ = {isa = PBXFileReference; fileEncoding = 4; lastKnownFileType = sourcecode.c.h; path = 6502.h; sourceTree = "<group>"; };
		6428A5761AAFC72900634F5D /* 6502.c */ = {isa = PBXFileReference; fileEncoding = 4; lastKnownFileType = sourcecode.c.c; path = 6502.c; sourceTree = "<group>"; };
		6428A57C1AAFEDED00634F5D /* lib6502.a */ = {isa = PBXFileReference; explicitFileType = archive.ar; includeInIndex = 0; path = lib6502.a; sourceTree = BUILT_PRODUCTS_DIR; };
		648C13F01CCE375600C8DCE1 /* lib6502.dylib */ = {isa = PBXFileReference; explicitFileType = "compiled.mach-o.dylib"; includeInIndex = 0; path = lib6502.dylib; sourceTree = BUILT_PRODUCTS_DIR; };
		648C13F91CCE376800C8DCE1 /* lib6502.a */ = {isa = PBXFileReference; explicitFileType = archive.ar; includeInIndex = 0; path = lib6502.a; sourceTree = BUILT_PRODUCTS_DIR; };
/* End PBXFileReference section */

/* Begin PBXFrameworksBuildPhase section */
		6428A5661AAFC68700634F5D /* Frameworks */ = {
			isa = PBXFrameworksBuildPhase;
			buildActionMask = 2147483647;
			files = (
			);
			runOnlyForDeploymentPostprocessing = 0;
		};
		6428A5791AAFEDED00634F5D /* Frameworks */ = {
			isa = PBXFrameworksBuildPhase;
			buildActionMask = 2147483647;
			files = (
			);
			runOnlyForDeploymentPostprocessing = 0;
		};
		648C13EA1CCE375600C8DCE1 /* Frameworks */ = {
			isa = PBXFrameworksBuildPhase;
			buildActionMask = 2147483647;
			files = (
			);
			runOnlyForDeploymentPostprocessing = 0;
		};
		648C13F41CCE376800C8DCE1 /* Frameworks */ = {
			isa = PBXFrameworksBuildPhase;
			buildActionMask = 2147483647;
			files = (
			);
			runOnlyForDeploymentPostprocessing = 0;
		};
/* End PBXFrameworksBuildPhase section */

/* Begin PBXGroup section */
		6428A5601AAFC68700634F5D = {
			isa = PBXGroup;
			children = (
				6428A5711AAFC69A00634F5D /* API */,
				6428A5701AAFC69100634F5D /* Sources */,
				6428A56A1AAFC68700634F5D /* Products */,
			);
			sourceTree = "<group>";
		};
		6428A56A1AAFC68700634F5D /* Products */ = {
			isa = PBXGroup;
			children = (
				6428A5691AAFC68700634F5D /* lib6502.dylib */,
				6428A57C1AAFEDED00634F5D /* lib6502.a */,
				648C13F01CCE375600C8DCE1 /* lib6502.dylib */,
				648C13F91CCE376800C8DCE1 /* lib6502.a */,
			);
			name = Products;
			sourceTree = "<group>";
		};
		6428A5701AAFC69100634F5D /* Sources */ = {
			isa = PBXGroup;
			children = (
				6428A5761AAFC72900634F5D /* 6502.c */,
			);
			name = Sources;
			path = ../../sources;
			sourceTree = "<group>";
		};
		6428A5711AAFC69A00634F5D /* API */ = {
			isa = PBXGroup;
			children = (
				6428A5741AAFC6DF00634F5D /* 6502.h */,
			);
			name = API;
			path = ../../API/emulation/CPU;
			sourceTree = "<group>";
		};
/* End PBXGroup section */

/* Begin PBXHeadersBuildPhase section */
		6428A5671AAFC68700634F5D /* Headers */ = {
			isa = PBXHeadersBuildPhase;
			buildActionMask = 2147483647;
			files = (
				6428A5751AAFC6DF00634F5D /* 6502.h in Headers */,
			);
			runOnlyForDeploymentPostprocessing = 0;
		};
		6428A57A1AAFEDED00634F5D /* Headers */ = {
			isa = PBXHeadersBuildPhase;
			buildActionMask = 2147483647;
			files = (
				64F8E3391CD6575D0083A613 /* 6502.h in Headers */,
			);
			runOnlyForDeploymentPostprocessing = 0;
		};
		648C13EB1CCE375600C8DCE1 /* Headers */ = {
			isa = PBXHeadersBuildPhase;
			buildActionMask = 2147483647;
			files = (
				648C13EC1CCE375600C8DCE1 /* 6502.h in Headers */,
			);
			runOnlyForDeploymentPostprocessing = 0;
		};
		648C13F51CCE376800C8DCE1 /* Headers */ = {
			isa = PBXHeadersBuildPhase;
			buildActionMask = 2147483647;
			files = (
				64F8E33A1CD6575E0083A613 /* 6502.h in Headers */,
			);
			runOnlyForDeploymentPostprocessing = 0;
		};
/* End PBXHeadersBuildPhase section */

/* Begin PBXNativeTarget section */
		6428A5681AAFC68700634F5D /* 6502 (dynamic) */ = {
			isa = PBXNativeTarget;
			buildConfigurationList = 6428A56D1AAFC68700634F5D /* Build configuration list for PBXNativeTarget "6502 (dynamic)" */;
			buildPhases = (
				6428A5651AAFC68700634F5D /* Sources */,
				6428A5661AAFC68700634F5D /* Frameworks */,
				6428A5671AAFC68700634F5D /* Headers */,
			);
			buildRules = (
			);
			dependencies = (
			);
			name = "6502 (dynamic)";
			productName = 6502;
			productReference = 6428A5691AAFC68700634F5D /* lib6502.dylib */;
			productType = "com.apple.product-type.library.dynamic";
		};
		6428A57B1AAFEDED00634F5D /* 6502 (static) */ = {
			isa = PBXNativeTarget;
			buildConfigurationList = 6428A57D1AAFEDED00634F5D /* Build configuration list for PBXNativeTarget "6502 (static)" */;
			buildPhases = (
				6428A5781AAFEDED00634F5D /* Sources */,
				6428A5791AAFEDED00634F5D /* Frameworks */,
				6428A57A1AAFEDED00634F5D /* Headers */,
			);
			buildRules = (
			);
			dependencies = (
			);
			name = "6502 (static)";
			productName = "6502-Static";
			productReference = 6428A57C1AAFEDED00634F5D /* lib6502.a */;
			productType = "com.apple.product-type.library.static";
		};
		648C13E71CCE375600C8DCE1 /* 6502 (dynamic module) */ = {
			isa = PBXNativeTarget;
			buildConfigurationList = 648C13ED1CCE375600C8DCE1 /* Build configuration list for PBXNativeTarget "6502 (dynamic module)" */;
			buildPhases = (
				648C13E81CCE375600C8DCE1 /* Sources */,
				648C13EA1CCE375600C8DCE1 /* Frameworks */,
				648C13EB1CCE375600C8DCE1 /* Headers */,
			);
			buildRules = (
			);
			dependencies = (
			);
			name = "6502 (dynamic module)";
			productName = 6502;
			productReference = 648C13F01CCE375600C8DCE1 /* lib6502.dylib */;
			productType = "com.apple.product-type.library.dynamic";
		};
		648C13F11CCE376800C8DCE1 /* 6502 (static moduleI) */ = {
			isa = PBXNativeTarget;
			buildConfigurationList = 648C13F61CCE376800C8DCE1 /* Build configuration list for PBXNativeTarget "6502 (static moduleI)" */;
			buildPhases = (
				648C13F21CCE376800C8DCE1 /* Sources */,
				648C13F41CCE376800C8DCE1 /* Frameworks */,
				648C13F51CCE376800C8DCE1 /* Headers */,
			);
			buildRules = (
			);
			dependencies = (
			);
			name = "6502 (static moduleI)";
			productName = "6502-Static";
			productReference = 648C13F91CCE376800C8DCE1 /* lib6502.a */;
			productType = "com.apple.product-type.library.static";
		};
/* End PBXNativeTarget section */

/* Begin PBXProject section */
		6428A5611AAFC68700634F5D /* Project object */ = {
			isa = PBXProject;
			attributes = {
				LastUpgradeCheck = 0700;
				ORGANIZATIONNAME = "Manuel Sainz de Baranda y Goñi";
				TargetAttributes = {
					6428A5681AAFC68700634F5D = {
						CreatedOnToolsVersion = 6.1.1;
					};
					6428A57B1AAFEDED00634F5D = {
						CreatedOnToolsVersion = 6.1.1;
					};
				};
			};
			buildConfigurationList = 6428A5641AAFC68700634F5D /* Build configuration list for PBXProject "6502" */;
			compatibilityVersion = "Xcode 3.2";
			developmentRegion = English;
			hasScannedForEncodings = 0;
			knownRegions = (
				en,
			);
			mainGroup = 6428A5601AAFC68700634F5D;
			productRefGroup = 6428A56A1AAFC68700634F5D /* Products */;
			projectDirPath = "";
			projectRoot = "";
			targets = (
				6428A5681AAFC68700634F5D /* 6502 (dynamic) */,
				648C13E71CCE375600C8DCE1 /* 6502 (dynamic module) */,
				6428A57B1AAFEDED00634F5D /* 6502 (static) */,
				648C13F11CCE376800C8DCE1 /* 6502 (static moduleI) */,
			);
		};
/* End PBXProject section */

/* Begin PBXSourcesBuildPhase section */
		6428A5651AAFC68700634F5D /* Sources */ = {
			isa = PBXSourcesBuildPhase;
			buildActionMask = 2147483647;
			files = (
				6428A5771AAFC72900634F5D /* 6502.c in Sources */,
			);
			runOnlyForDeploymentPostprocessing = 0;
		};
		6428A5781AAFEDED00634F5D /* Sources */ = {
			isa = PBXSourcesBuildPhase;
			buildActionMask = 2147483647;
			files = (
				6428A5801AAFEF1D00634F5D /* 6502.c in Sources */,
			);
			runOnlyForDeploymentPostprocessing = 0;
		};
		648C13E81CCE375600C8DCE1 /* Sources */ = {
			isa = PBXSourcesBuildPhase;
			buildActionMask = 2147483647;
			files = (
				648C13E91CCE375600C8DCE1 /* 6502.c in Sources */,
			);
			runOnlyForDeploymentPostprocessing = 0;
		};
		648C13F21CCE376800C8DCE1 /* Sources */ = {
			isa = PBXSourcesBuildPhase;
			buildActionMask = 2147483647;
			files = (
				648C13F31CCE376800C8DCE1 /* 6502.c in Sources */,
			);
			runOnlyForDeploymentPostprocessing = 0;
		};
/* End PBXSourcesBuildPhase section */

/* Begin XCBuildConfiguration section */
		6428A56B1AAFC68700634F5D /* Debug */ = {
			isa = XCBuildConfiguration;
			buildSettings = {
				ALWAYS_SEARCH_USER_PATHS = NO;
				CLANG_ENABLE_MODULES = YES;
				CLANG_WARN_ASSIGN_ENUM = YES;
				CLANG_WARN_BLOCK_CAPTURE_AUTORELEASING = YES;
				CLANG_WARN_BOOL_CONVERSION = YES;
				CLANG_WARN_COMMA = YES;
				CLANG_WARN_CONSTANT_CONVERSION = YES;
				CLANG_WARN_EMPTY_BODY = YES;
				CLANG_WARN_ENUM_CONVERSION = YES;
				CLANG_WARN_FLOAT_CONVERSION = YES;
				CLANG_WARN_IMPLICIT_SIGN_CONVERSION = YES;
				CLANG_WARN_INFINITE_RECURSION = YES;
				CLANG_WARN_INT_CONVERSION = YES;
				CLANG_WARN_NON_LITERAL_NULL_CONVERSION = YES;
				CLANG_WARN_STRICT_PROTOTYPES = YES;
				CLANG_WARN_SUSPICIOUS_IMPLICIT_CONVERSION = YES;
				CLANG_WARN_UNREACHABLE_CODE = YES;
				COPY_PHASE_STRIP = NO;
				GCC_C_LANGUAGE_STANDARD = c99;
				GCC_DYNAMIC_NO_PIC = NO;
				GCC_ENABLE_BUILTIN_FUNCTIONS = NO;
				GCC_GENERATE_DEBUGGING_SYMBOLS = NO;
				GCC_OPTIMIZATION_LEVEL = 0;
				GCC_PREPROCESSOR_DEFINITIONS = (
					"DEBUG=1",
					"$(inherited)",
				);
				GCC_SYMBOLS_PRIVATE_EXTERN = NO;
				GCC_TREAT_IMPLICIT_FUNCTION_DECLARATIONS_AS_ERRORS = YES;
				GCC_TREAT_INCOMPATIBLE_POINTER_TYPE_WARNINGS_AS_ERRORS = YES;
				GCC_WARN_64_TO_32_BIT_CONVERSION = YES;
				GCC_WARN_ABOUT_MISSING_FIELD_INITIALIZERS = YES;
				GCC_WARN_ABOUT_MISSING_NEWLINE = YES;
				GCC_WARN_ABOUT_MISSING_PROTOTYPES = YES;
				GCC_WARN_ABOUT_RETURN_TYPE = YES_ERROR;
				GCC_WARN_FOUR_CHARACTER_CONSTANTS = YES;
				GCC_WARN_INITIALIZER_NOT_FULLY_BRACKETED = YES;
				GCC_WARN_SHADOW = YES;
				GCC_WARN_SIGN_COMPARE = YES;
				GCC_WARN_UNINITIALIZED_AUTOS = YES;
				GCC_WARN_UNKNOWN_PRAGMAS = YES;
				GCC_WARN_UNUSED_FUNCTION = YES;
				GCC_WARN_UNUSED_LABEL = YES;
				GCC_WARN_UNUSED_VARIABLE = YES;
				HEADER_SEARCH_PATHS = (
					"$(inherited)",
					/usr/local/include,
					../../API,
				);
				LINK_WITH_STANDARD_LIBRARIES = NO;
				LLVM_LTO = YES;
				MACOSX_DEPLOYMENT_TARGET = 10.6;
				ONLY_ACTIVE_ARCH = YES;
				STRIP_STYLE = "non-global";
			};
			name = Debug;
		};
		6428A56C1AAFC68700634F5D /* Release */ = {
			isa = XCBuildConfiguration;
			buildSettings = {
				ALWAYS_SEARCH_USER_PATHS = NO;
				CLANG_ENABLE_MODULES = YES;
				CLANG_WARN_ASSIGN_ENUM = YES;
				CLANG_WARN_BLOCK_CAPTURE_AUTORELEASING = YES;
				CLANG_WARN_BOOL_CONVERSION = YES;
				CLANG_WARN_COMMA = YES;
				CLANG_WARN_CONSTANT_CONVERSION = YES;
				CLANG_WARN_EMPTY_BODY = YES;
				CLANG_WARN_ENUM_CONVERSION = YES;
				CLANG_WARN_FLOAT_CONVERSION = YES;
				CLANG_WARN_IMPLICIT_SIGN_CONVERSION = YES;
				CLANG_WARN_INFINITE_RECURSION = YES;
				CLANG_WARN_INT_CONVERSION = YES;
				CLANG_WARN_NON_LITERAL_NULL_CONVERSION = YES;
				CLANG_WARN_STRICT_PROTOTYPES = YES;
				CLANG_WARN_SUSPICIOUS_IMPLICIT_CONVERSION = YES;
				CLANG_WARN_UNREACHABLE_CODE = YES;
				COPY_PHASE_STRIP = YES;
				DEBUG_INFORMATION_FORMAT = "dwarf-with-dsym";
				GCC_C_LANGUAGE_STANDARD = c99;
				GCC_ENABLE_BUILTIN_FUNCTIONS = NO;
				GCC_GENERATE_DEBUGGING_SYMBOLS = NO;
				GCC_TREAT_IMPLICIT_FUNCTION_DECLARATIONS_AS_ERRORS = YES;
				GCC_TREAT_INCOMPATIBLE_POINTER_TYPE_WARNINGS_AS_ERRORS = YES;
				GCC_WARN_64_TO_32_BIT_CONVERSION = YES;
				GCC_WARN_ABOUT_MISSING_FIELD_INITIALIZERS = YES;
				GCC_WARN_ABOUT_MISSING_NEWLINE = YES;
				GCC_WARN_ABOUT_MISSING_PROTOTYPES = YES;
				GCC_WARN_ABOUT_RETURN_TYPE = YES_ERROR;
				GCC_WARN_FOUR_CHARACTER_CONSTANTS = YES;
				GCC_WARN_INITIALIZER_NOT_FULLY_BRACKETED = YES;
				GCC_WARN_SHADOW = YES;
				GCC_WARN_SIGN_COMPARE = YES;
				GCC_WARN_UNINITIALIZED_AUTOS = YES;
				GCC_WARN_UNKNOWN_PRAGMAS = YES;
				GCC_WARN_UNUSED_FUNCTION = YES;
				GCC_WARN_UNUSED_LABEL = YES;
				GCC_WARN_UNUSED_VARIABLE = YES;
				HEADER_SEARCH_PATHS = (
					"$(inherited)",
					/usr/local/include,
					../../API,
				);
				LINK_WITH_STANDARD_LIBRARIES = NO;
				LLVM_LTO = YES;
				MACOSX_DEPLOYMENT_TARGET = 10.6;
				STRIP_STYLE = "non-global";
			};
			name = Release;
		};
		6428A56E1AAFC68700634F5D /* Debug */ = {
			isa = XCBuildConfiguration;
			buildSettings = {
				DYLIB_COMPATIBILITY_VERSION = 0;
				DYLIB_CURRENT_VERSION = 0.1.0;
				EXECUTABLE_PREFIX = lib;
				PRODUCT_NAME = 6502;
				PUBLIC_HEADERS_FOLDER_PATH = /usr/local/include/emulation/CPU;
			};
			name = Debug;
		};
		6428A56F1AAFC68700634F5D /* Release */ = {
			isa = XCBuildConfiguration;
			buildSettings = {
				DYLIB_COMPATIBILITY_VERSION = 0;
				DYLIB_CURRENT_VERSION = 0.1.0;
				EXECUTABLE_PREFIX = lib;
				PRODUCT_NAME = 6502;
				PUBLIC_HEADERS_FOLDER_PATH = /usr/local/include/emulation/CPU;
			};
			name = Release;
		};
		6428A57E1AAFEDED00634F5D /* Debug */ = {
			isa = XCBuildConfiguration;
			buildSettings = {
				PRODUCT_NAME = 6502;
				PUBLIC_HEADERS_FOLDER_PATH = /usr/local/include/emulation/CPU;
			};
			name = Debug;
		};
		6428A57F1AAFEDED00634F5D /* Release */ = {
			isa = XCBuildConfiguration;
			buildSettings = {
				PRODUCT_NAME = 6502;
				PUBLIC_HEADERS_FOLDER_PATH = /usr/local/include/emulation/CPU;
			};
			name = Release;
		};
		648C13EE1CCE375600C8DCE1 /* Debug */ = {
			isa = XCBuildConfiguration;
			buildSettings = {
				DYLIB_COMPATIBILITY_VERSION = 0;
				DYLIB_CURRENT_VERSION = 0.1.0;
				EXECUTABLE_PREFIX = lib;
				PRODUCT_NAME = 6502;
				PUBLIC_HEADERS_FOLDER_PATH = /usr/local/include/emulation/CPU;
			};
			name = Debug;
		};
		648C13EF1CCE375600C8DCE1 /* Release */ = {
			isa = XCBuildConfiguration;
			buildSettings = {
				DYLIB_COMPATIBILITY_VERSION = 0;
				DYLIB_CURRENT_VERSION = 0.1.0;
				EXECUTABLE_PREFIX = lib;
				PRODUCT_NAME = 6502;
				PUBLIC_HEADERS_FOLDER_PATH = /usr/local/include/emulation/CPU;
			};
			name = Release;
		};
		648C13F71CCE376800C8DCE1 /* Debug */ = {
			isa = XCBuildConfiguration;
			buildSettings = {
				PRODUCT_NAME = 6502;
				PUBLIC_HEADERS_FOLDER_PATH = /usr/local/include/emulation/CPU;
			};
			name = Debug;
		};
		648C13F81CCE376800C8DCE1 /* Release */ = {
			isa = XCBuildConfiguration;
			buildSettings = {
				PRODUCT_NAME = 6502;
				PUBLIC_HEADERS_FOLDER_PATH = /usr/local/include/emulation/CPU;
			};
			name = Release;
		};
/* End XCBuildConfiguration section */

/* Begin XCConfigurationList section */
		6428A5641AAFC68700634F5D /* Build configuration list for PBXProject "6502" */ = {
			isa = XCConfigurationList;
			buildConfigurations = (
				6428A56B1AAFC68700634F5D /* Debug */,
				6428A56C1AAFC68700634F5D /* Release */,
			);
			defaultConfigurationIsVisible = 0;
			defaultConfigurationName = Release;
		};
		6428A56D1AAFC68700634F5D /* Build configuration list for PBXNativeTarget "6502 (dynamic)" */ = {
			isa = XCConfigurationList;
			buildConfigurations = (
				6428A56E1AAFC68700634F5D /* Debug */,
				6428A56F1AAFC68700634F5D /* Release */,
			);
			defaultConfigurationIsVisible = 0;
			defaultConfigurationName = Release;
		};
		6428A57D1AAFEDED00634F5D /* Build configuration list for PBXNativeTarget "6502 (static)" */ = {
			isa = XCConfigurationList;
			buildConfigurations = (
				6428A57E1AAFEDED00634F5D /* Debug */,
				6428A57F1AAFEDED00634F5D /* Release */,
			);
			defaultConfigurationIsVisible = 0;
			defaultConfigurationName = Release;
		};
		648C13ED1CCE375600C8DCE1 /* Build configuration list for PBXNativeTarget "6502 (dynamic module)" */ = {
			isa = XCConfigurationList;
			buildConfigurations = (
				648C13EE1CCE375600C8DCE1 /* Debug */,
				648C13EF1CCE375600C8DCE1 /* Release */,
			);
			defaultConfigurationIsVisible = 0;
			defaultConfigurationName = Release;
		};
		648C13F61CCE376800C8DCE1 /* Build configuration list for PBXNativeTarget "6502 (static moduleI)" */ = {
			isa = XCConfigurationList;
			buildConfigurations = (
				648C13F71CCE376800C8DCE1 /* Debug */,
				648C13F81CCE376800C8DCE1 /* Release */,
			);
			defaultConfigurationIsVisible = 0;
			defaultConfigurationName = Release;
		};
/* End XCConfigurationList section */
	};
	rootObject = 6428A5611AAFC68700634F5D /* Project object */;
}
